
Microsoft Visual Studio Solution File, Format Version 12.00
# Visual Studio Version 17
VisualStudioVersion = 17.3.32929.385
MinimumVisualStudioVersion = 10.0.40219.1
Project("{FAE04EC0-301F-11D3-BF4B-00C04F79EFBC}") = "AnProject", "AnProject\AnProject.csproj", "{3D058479-50DB-4689-950C-A5F641D5D5EB}"
EndProject
Global
	GlobalSection(SolutionConfigurationPlatforms) = preSolution
		Debug|Any CPU = Debug|Any CPU
		Release|Any CPU = Release|Any CPU
	EndGlobalSection
	GlobalSection(ProjectConfigurationPlatforms) = postSolution
		{3D058479-50DB-4689-950C-A5F641D5D5EB}.Debug|Any CPU.ActiveCfg = Debug|Any CPU
		{3D058479-50DB-4689-950C-A5F641D5D5EB}.Debug|Any CPU.Build.0 = Debug|Any CPU
		{3D058479-50DB-4689-950C-A5F641D5D5EB}.Release|Any CPU.ActiveCfg = Release|Any CPU
		{3D058479-50DB-4689-950C-A5F641D5D5EB}.Release|Any CPU.Build.0 = Release|Any CPU
	EndGlobalSection
	GlobalSection(SolutionProperties) = preSolution
		HideSolutionNode = FALSE
	EndGlobalSection
	GlobalSection(ExtensibilityGlobals) = postSolution
		SolutionGuid = {FA155A91-0B09-48ED-B195-CC91F2574556}
	EndGlobalSection
EndGlobal
